// !$*UTF8*$!
{
	archiveVersion = 1;
	classes = {
	};
	objectVersion = 56;
	objects = {

/* Begin PBXBuildFile section */
		E5B339442A2E6F74004C7A06 /* PagaTodoTestApp.swift in Sources */ = {isa = PBXBuildFile; fileRef = E5B339432A2E6F74004C7A06 /* PagaTodoTestApp.swift */; };
		E5B339462A2E6F74004C7A06 /* BankListView.swift in Sources */ = {isa = PBXBuildFile; fileRef = E5B339452A2E6F74004C7A06 /* BankListView.swift */; };
		E5B339482A2E6F76004C7A06 /* Assets.xcassets in Resources */ = {isa = PBXBuildFile; fileRef = E5B339472A2E6F76004C7A06 /* Assets.xcassets */; };
		E5B3394B2A2E6F76004C7A06 /* Preview Assets.xcassets in Resources */ = {isa = PBXBuildFile; fileRef = E5B3394A2A2E6F76004C7A06 /* Preview Assets.xcassets */; };
		E5B339532A2E703A004C7A06 /* Bank.swift in Sources */ = {isa = PBXBuildFile; fileRef = E5B339522A2E703A004C7A06 /* Bank.swift */; };
		E5B339562A2E70A5004C7A06 /* BankListViewModel.swift in Sources */ = {isa = PBXBuildFile; fileRef = E5B339552A2E70A5004C7A06 /* BankListViewModel.swift */; };
		E5B3395A2A2E735E004C7A06 /* BanksRepository.swift in Sources */ = {isa = PBXBuildFile; fileRef = E5B339592A2E735E004C7A06 /* BanksRepository.swift */; };
		E5B3395C2A2E737C004C7A06 /* BanksRepositoryImpl.swift in Sources */ = {isa = PBXBuildFile; fileRef = E5B3395B2A2E737C004C7A06 /* BanksRepositoryImpl.swift */; };
/* End PBXBuildFile section */

/* Begin PBXFileReference section */
		E5B339402A2E6F74004C7A06 /* PagaTodoTest.app */ = {isa = PBXFileReference; explicitFileType = wrapper.application; includeInIndex = 0; path = PagaTodoTest.app; sourceTree = BUILT_PRODUCTS_DIR; };
		E5B339432A2E6F74004C7A06 /* PagaTodoTestApp.swift */ = {isa = PBXFileReference; lastKnownFileType = sourcecode.swift; path = PagaTodoTestApp.swift; sourceTree = "<group>"; };
		E5B339452A2E6F74004C7A06 /* BankListView.swift */ = {isa = PBXFileReference; lastKnownFileType = sourcecode.swift; path = BankListView.swift; sourceTree = "<group>"; };
		E5B339472A2E6F76004C7A06 /* Assets.xcassets */ = {isa = PBXFileReference; lastKnownFileType = folder.assetcatalog; path = Assets.xcassets; sourceTree = "<group>"; };
		E5B3394A2A2E6F76004C7A06 /* Preview Assets.xcassets */ = {isa = PBXFileReference; lastKnownFileType = folder.assetcatalog; path = "Preview Assets.xcassets"; sourceTree = "<group>"; };
		E5B339522A2E703A004C7A06 /* Bank.swift */ = {isa = PBXFileReference; lastKnownFileType = sourcecode.swift; path = Bank.swift; sourceTree = "<group>"; };
		E5B339552A2E70A5004C7A06 /* BankListViewModel.swift */ = {isa = PBXFileReference; lastKnownFileType = sourcecode.swift; path = BankListViewModel.swift; sourceTree = "<group>"; };
		E5B339592A2E735E004C7A06 /* BanksRepository.swift */ = {isa = PBXFileReference; lastKnownFileType = sourcecode.swift; path = BanksRepository.swift; sourceTree = "<group>"; };
		E5B3395B2A2E737C004C7A06 /* BanksRepositoryImpl.swift */ = {isa = PBXFileReference; lastKnownFileType = sourcecode.swift; path = BanksRepositoryImpl.swift; sourceTree = "<group>"; };
/* End PBXFileReference section */

/* Begin PBXFrameworksBuildPhase section */
		E5B3393D2A2E6F74004C7A06 /* Frameworks */ = {
			isa = PBXFrameworksBuildPhase;
			buildActionMask = 2147483647;
			files = (
			);
			runOnlyForDeploymentPostprocessing = 0;
		};
/* End PBXFrameworksBuildPhase section */

/* Begin PBXGroup section */
		E5B339372A2E6F74004C7A06 = {
			isa = PBXGroup;
			children = (
				E5B339422A2E6F74004C7A06 /* PagaTodoTest */,
				E5B339412A2E6F74004C7A06 /* Products */,
			);
			sourceTree = "<group>";
		};
		E5B339412A2E6F74004C7A06 /* Products */ = {
			isa = PBXGroup;
			children = (
				E5B339402A2E6F74004C7A06 /* PagaTodoTest.app */,
			);
			name = Products;
			sourceTree = "<group>";
		};
		E5B339422A2E6F74004C7A06 /* PagaTodoTest */ = {
			isa = PBXGroup;
			children = (
				E5B339572A2E70CB004C7A06 /* View */,
				E5B339542A2E7084004C7A06 /* ViewModel */,
				E5B339512A2E7030004C7A06 /* Model */,
				E5B339432A2E6F74004C7A06 /* PagaTodoTestApp.swift */,
				E5B339472A2E6F76004C7A06 /* Assets.xcassets */,
				E5B339492A2E6F76004C7A06 /* Preview Content */,
			);
			path = PagaTodoTest;
			sourceTree = "<group>";
		};
		E5B339492A2E6F76004C7A06 /* Preview Content */ = {
			isa = PBXGroup;
			children = (
				E5B3394A2A2E6F76004C7A06 /* Preview Assets.xcassets */,
			);
			path = "Preview Content";
			sourceTree = "<group>";
		};
		E5B339512A2E7030004C7A06 /* Model */ = {
			isa = PBXGroup;
			children = (
				E5B339582A2E7340004C7A06 /* Repository */,
				E5B339522A2E703A004C7A06 /* Bank.swift */,
			);
			path = Model;
			sourceTree = "<group>";
		};
		E5B339542A2E7084004C7A06 /* ViewModel */ = {
			isa = PBXGroup;
			children = (
				E5B339552A2E70A5004C7A06 /* BankListViewModel.swift */,
			);
			path = ViewModel;
			sourceTree = "<group>";
		};
		E5B339572A2E70CB004C7A06 /* View */ = {
			isa = PBXGroup;
			children = (
				E5B339452A2E6F74004C7A06 /* BankListView.swift */,
			);
			path = View;
			sourceTree = "<group>";
		};
		E5B339582A2E7340004C7A06 /* Repository */ = {
			isa = PBXGroup;
			children = (
				E5B339592A2E735E004C7A06 /* BanksRepository.swift */,
				E5B3395B2A2E737C004C7A06 /* BanksRepositoryImpl.swift */,
			);
			path = Repository;
			sourceTree = "<group>";
		};
/* End PBXGroup section */

/* Begin PBXNativeTarget section */
		E5B3393F2A2E6F74004C7A06 /* PagaTodoTest */ = {
			isa = PBXNativeTarget;
			buildConfigurationList = E5B3394E2A2E6F76004C7A06 /* Build configuration list for PBXNativeTarget "PagaTodoTest" */;
			buildPhases = (
				E5B3393C2A2E6F74004C7A06 /* Sources */,
				E5B3393D2A2E6F74004C7A06 /* Frameworks */,
				E5B3393E2A2E6F74004C7A06 /* Resources */,
			);
			buildRules = (
			);
			dependencies = (
			);
			name = PagaTodoTest;
			productName = PagaTodoTest;
			productReference = E5B339402A2E6F74004C7A06 /* PagaTodoTest.app */;
			productType = "com.apple.product-type.application";
		};
/* End PBXNativeTarget section */

/* Begin PBXProject section */
		E5B339382A2E6F74004C7A06 /* Project object */ = {
			isa = PBXProject;
			attributes = {
				BuildIndependentTargetsInParallel = 1;
				LastSwiftUpdateCheck = 1430;
				LastUpgradeCheck = 1430;
				TargetAttributes = {
					E5B3393F2A2E6F74004C7A06 = {
						CreatedOnToolsVersion = 14.3;
					};
				};
			};
			buildConfigurationList = E5B3393B2A2E6F74004C7A06 /* Build configuration list for PBXProject "PagaTodoTest" */;
			compatibilityVersion = "Xcode 14.0";
			developmentRegion = en;
			hasScannedForEncodings = 0;
			knownRegions = (
				en,
				Base,
			);
			mainGroup = E5B339372A2E6F74004C7A06;
			productRefGroup = E5B339412A2E6F74004C7A06 /* Products */;
			projectDirPath = "";
			projectRoot = "";
			targets = (
				E5B3393F2A2E6F74004C7A06 /* PagaTodoTest */,
			);
		};
/* End PBXProject section */

/* Begin PBXResourcesBuildPhase section */
		E5B3393E2A2E6F74004C7A06 /* Resources */ = {
			isa = PBXResourcesBuildPhase;
			buildActionMask = 2147483647;
			files = (
				E5B3394B2A2E6F76004C7A06 /* Preview Assets.xcassets in Resources */,
				E5B339482A2E6F76004C7A06 /* Assets.xcassets in Resources */,
			);
			runOnlyForDeploymentPostprocessing = 0;
		};
/* End PBXResourcesBuildPhase section */

/* Begin PBXSourcesBuildPhase section */
		E5B3393C2A2E6F74004C7A06 /* Sources */ = {
			isa = PBXSourcesBuildPhase;
			buildActionMask = 2147483647;
			files = (
				E5B339532A2E703A004C7A06 /* Bank.swift in Sources */,
				E5B339462A2E6F74004C7A06 /* BankListView.swift in Sources */,
				E5B339562A2E70A5004C7A06 /* BankListViewModel.swift in Sources */,
				E5B3395C2A2E737C004C7A06 /* BanksRepositoryImpl.swift in Sources */,
				E5B3395A2A2E735E004C7A06 /* BanksRepository.swift in Sources */,
				E5B339442A2E6F74004C7A06 /* PagaTodoTestApp.swift in Sources */,
			);
			runOnlyForDeploymentPostprocessing = 0;
		};
/* End PBXSourcesBuildPhase section */

/* Begin XCBuildConfiguration section */
		E5B3394C2A2E6F76004C7A06 /* Debug */ = {
			isa = XCBuildConfiguration;
			buildSettings = {
				ALWAYS_SEARCH_USER_PATHS = NO;
				CLANG_ANALYZER_NONNULL = YES;
				CLANG_ANALYZER_NUMBER_OBJECT_CONVERSION = YES_AGGRESSIVE;
				CLANG_CXX_LANGUAGE_STANDARD = "gnu++20";
				CLANG_ENABLE_MODULES = YES;
				CLANG_ENABLE_OBJC_ARC = YES;
				CLANG_ENABLE_OBJC_WEAK = YES;
				CLANG_WARN_BLOCK_CAPTURE_AUTORELEASING = YES;
				CLANG_WARN_BOOL_CONVERSION = YES;
				CLANG_WARN_COMMA = YES;
				CLANG_WARN_CONSTANT_CONVERSION = YES;
				CLANG_WARN_DEPRECATED_OBJC_IMPLEMENTATIONS = YES;
				CLANG_WARN_DIRECT_OBJC_ISA_USAGE = YES_ERROR;
				CLANG_WARN_DOCUMENTATION_COMMENTS = YES;
				CLANG_WARN_EMPTY_BODY = YES;
				CLANG_WARN_ENUM_CONVERSION = YES;
				CLANG_WARN_INFINITE_RECURSION = YES;
				CLANG_WARN_INT_CONVERSION = YES;
				CLANG_WARN_NON_LITERAL_NULL_CONVERSION = YES;
				CLANG_WARN_OBJC_IMPLICIT_RETAIN_SELF = YES;
				CLANG_WARN_OBJC_LITERAL_CONVERSION = YES;
				CLANG_WARN_OBJC_ROOT_CLASS = YES_ERROR;
				CLANG_WARN_QUOTED_INCLUDE_IN_FRAMEWORK_HEADER = YES;
				CLANG_WARN_RANGE_LOOP_ANALYSIS = YES;
				CLANG_WARN_STRICT_PROTOTYPES = YES;
				CLANG_WARN_SUSPICIOUS_MOVE = YES;
				CLANG_WARN_UNGUARDED_AVAILABILITY = YES_AGGRESSIVE;
				CLANG_WARN_UNREACHABLE_CODE = YES;
				CLANG_WARN__DUPLICATE_METHOD_MATCH = YES;
				COPY_PHASE_STRIP = NO;
				DEBUG_INFORMATION_FORMAT = dwarf;
				ENABLE_STRICT_OBJC_MSGSEND = YES;
				ENABLE_TESTABILITY = YES;
				GCC_C_LANGUAGE_STANDARD = gnu11;
				GCC_DYNAMIC_NO_PIC = NO;
				GCC_NO_COMMON_BLOCKS = YES;
				GCC_OPTIMIZATION_LEVEL = 0;
				GCC_PREPROCESSOR_DEFINITIONS = (
					"DEBUG=1",
					"$(inherited)",
				);
				GCC_WARN_64_TO_32_BIT_CONVERSION = YES;
				GCC_WARN_ABOUT_RETURN_TYPE = YES_ERROR;
				GCC_WARN_UNDECLARED_SELECTOR = YES;
				GCC_WARN_UNINITIALIZED_AUTOS = YES_AGGRESSIVE;
				GCC_WARN_UNUSED_FUNCTION = YES;
				GCC_WARN_UNUSED_VARIABLE = YES;
				IPHONEOS_DEPLOYMENT_TARGET = 16.4;
				MTL_ENABLE_DEBUG_INFO = INCLUDE_SOURCE;
				MTL_FAST_MATH = YES;
				ONLY_ACTIVE_ARCH = YES;
				SDKROOT = iphoneos;
				SWIFT_ACTIVE_COMPILATION_CONDITIONS = DEBUG;
				SWIFT_OPTIMIZATION_LEVEL = "-Onone";
			};
			name = Debug;
		};
		E5B3394D2A2E6F76004C7A06 /* Release */ = {
			isa = XCBuildConfiguration;
			buildSettings = {
				ALWAYS_SEARCH_USER_PATHS = NO;
				CLANG_ANALYZER_NONNULL = YES;
				CLANG_ANALYZER_NUMBER_OBJECT_CONVERSION = YES_AGGRESSIVE;
				CLANG_CXX_LANGUAGE_STANDARD = "gnu++20";
				CLANG_ENABLE_MODULES = YES;
				CLANG_ENABLE_OBJC_ARC = YES;
				CLANG_ENABLE_OBJC_WEAK = YES;
				CLANG_WARN_BLOCK_CAPTURE_AUTORELEASING = YES;
				CLANG_WARN_BOOL_CONVERSION = YES;
				CLANG_WARN_COMMA = YES;
				CLANG_WARN_CONSTANT_CONVERSION = YES;
				CLANG_WARN_DEPRECATED_OBJC_IMPLEMENTATIONS = YES;
				CLANG_WARN_DIRECT_OBJC_ISA_USAGE = YES_ERROR;
				CLANG_WARN_DOCUMENTATION_COMMENTS = YES;
				CLANG_WARN_EMPTY_BODY = YES;
				CLANG_WARN_ENUM_CONVERSION = YES;
				CLANG_WARN_INFINITE_RECURSION = YES;
				CLANG_WARN_INT_CONVERSION = YES;
				CLANG_WARN_NON_LITERAL_NULL_CONVERSION = YES;
				CLANG_WARN_OBJC_IMPLICIT_RETAIN_SELF = YES;
				CLANG_WARN_OBJC_LITERAL_CONVERSION = YES;
				CLANG_WARN_OBJC_ROOT_CLASS = YES_ERROR;
				CLANG_WARN_QUOTED_INCLUDE_IN_FRAMEWORK_HEADER = YES;
				CLANG_WARN_RANGE_LOOP_ANALYSIS = YES;
				CLANG_WARN_STRICT_PROTOTYPES = YES;
				CLANG_WARN_SUSPICIOUS_MOVE = YES;
				CLANG_WARN_UNGUARDED_AVAILABILITY = YES_AGGRESSIVE;
				CLANG_WARN_UNREACHABLE_CODE = YES;
				CLANG_WARN__DUPLICATE_METHOD_MATCH = YES;
				COPY_PHASE_STRIP = NO;
				DEBUG_INFORMATION_FORMAT = "dwarf-with-dsym";
				ENABLE_NS_ASSERTIONS = NO;
				ENABLE_STRICT_OBJC_MSGSEND = YES;
				GCC_C_LANGUAGE_STANDARD = gnu11;
				GCC_NO_COMMON_BLOCKS = YES;
				GCC_WARN_64_TO_32_BIT_CONVERSION = YES;
				GCC_WARN_ABOUT_RETURN_TYPE = YES_ERROR;
				GCC_WARN_UNDECLARED_SELECTOR = YES;
				GCC_WARN_UNINITIALIZED_AUTOS = YES_AGGRESSIVE;
				GCC_WARN_UNUSED_FUNCTION = YES;
				GCC_WARN_UNUSED_VARIABLE = YES;
				IPHONEOS_DEPLOYMENT_TARGET = 16.4;
				MTL_ENABLE_DEBUG_INFO = NO;
				MTL_FAST_MATH = YES;
				SDKROOT = iphoneos;
				SWIFT_COMPILATION_MODE = wholemodule;
				SWIFT_OPTIMIZATION_LEVEL = "-O";
				VALIDATE_PRODUCT = YES;
			};
			name = Release;
		};
		E5B3394F2A2E6F76004C7A06 /* Debug */ = {
			isa = XCBuildConfiguration;
			buildSettings = {
				ASSETCATALOG_COMPILER_APPICON_NAME = AppIcon;
				ASSETCATALOG_COMPILER_GLOBAL_ACCENT_COLOR_NAME = AccentColor;
				CODE_SIGN_STYLE = Automatic;
				CURRENT_PROJECT_VERSION = 1;
				DEVELOPMENT_ASSET_PATHS = "\"PagaTodoTest/Preview Content\"";
				DEVELOPMENT_TEAM = Z2WXP58HB5;
				ENABLE_PREVIEWS = YES;
				GENERATE_INFOPLIST_FILE = YES;
				INFOPLIST_KEY_UIApplicationSceneManifest_Generation = YES;
				INFOPLIST_KEY_UIApplicationSupportsIndirectInputEvents = YES;
				INFOPLIST_KEY_UILaunchScreen_Generation = YES;
				INFOPLIST_KEY_UISupportedInterfaceOrientations_iPad = "UIInterfaceOrientationPortrait UIInterfaceOrientationPortraitUpsideDown UIInterfaceOrientationLandscapeLeft UIInterfaceOrientationLandscapeRight";
				INFOPLIST_KEY_UISupportedInterfaceOrientations_iPhone = "UIInterfaceOrientationPortrait UIInterfaceOrientationLandscapeLeft UIInterfaceOrientationLandscapeRight";
				LD_RUNPATH_SEARCH_PATHS = (
					"$(inherited)",
					"@executable_path/Frameworks",
				);
				MARKETING_VERSION = 1.0;
				PRODUCT_BUNDLE_IDENTIFIER = com.bacilio.PagaTodoTest;
				PRODUCT_NAME = "$(TARGET_NAME)";
				SWIFT_EMIT_LOC_STRINGS = YES;
				SWIFT_VERSION = 5.0;
				TARGETED_DEVICE_FAMILY = "1,2";
			};
			name = Debug;
		};
		E5B339502A2E6F76004C7A06 /* Release */ = {
			isa = XCBuildConfiguration;
			buildSettings = {
				ASSETCATALOG_COMPILER_APPICON_NAME = AppIcon;
				ASSETCATALOG_COMPILER_GLOBAL_ACCENT_COLOR_NAME = AccentColor;
				CODE_SIGN_STYLE = Automatic;
				CURRENT_PROJECT_VERSION = 1;
				DEVELOPMENT_ASSET_PATHS = "\"PagaTodoTest/Preview Content\"";
				DEVELOPMENT_TEAM = Z2WXP58HB5;
				ENABLE_PREVIEWS = YES;
				GENERATE_INFOPLIST_FILE = YES;
				INFOPLIST_KEY_UIApplicationSceneManifest_Generation = YES;
				INFOPLIST_KEY_UIApplicationSupportsIndirectInputEvents = YES;
				INFOPLIST_KEY_UILaunchScreen_Generation = YES;
				INFOPLIST_KEY_UISupportedInterfaceOrientations_iPad = "UIInterfaceOrientationPortrait UIInterfaceOrientationPortraitUpsideDown UIInterfaceOrientationLandscapeLeft UIInterfaceOrientationLandscapeRight";
				INFOPLIST_KEY_UISupportedInterfaceOrientations_iPhone = "UIInterfaceOrientationPortrait UIInterfaceOrientationLandscapeLeft UIInterfaceOrientationLandscapeRight";
				LD_RUNPATH_SEARCH_PATHS = (
					"$(inherited)",
					"@executable_path/Frameworks",
				);
				MARKETING_VERSION = 1.0;
				PRODUCT_BUNDLE_IDENTIFIER = com.bacilio.PagaTodoTest;
				PRODUCT_NAME = "$(TARGET_NAME)";
				SWIFT_EMIT_LOC_STRINGS = YES;
				SWIFT_VERSION = 5.0;
				TARGETED_DEVICE_FAMILY = "1,2";
			};
			name = Release;
		};
/* End XCBuildConfiguration section */

/* Begin XCConfigurationList section */
		E5B3393B2A2E6F74004C7A06 /* Build configuration list for PBXProject "PagaTodoTest" */ = {
			isa = XCConfigurationList;
			buildConfigurations = (
				E5B3394C2A2E6F76004C7A06 /* Debug */,
				E5B3394D2A2E6F76004C7A06 /* Release */,
			);
			defaultConfigurationIsVisible = 0;
			defaultConfigurationName = Release;
		};
		E5B3394E2A2E6F76004C7A06 /* Build configuration list for PBXNativeTarget "PagaTodoTest" */ = {
			isa = XCConfigurationList;
			buildConfigurations = (
				E5B3394F2A2E6F76004C7A06 /* Debug */,
				E5B339502A2E6F76004C7A06 /* Release */,
			);
			defaultConfigurationIsVisible = 0;
			defaultConfigurationName = Release;
		};
/* End XCConfigurationList section */
	};
	rootObject = E5B339382A2E6F74004C7A06 /* Project object */;
}
